
Microsoft Visual Studio Solution File, Format Version 12.00
# Visual Studio Version 17
VisualStudioVersion = 17.7.34018.315
MinimumVisualStudioVersion = 10.0.40219.1
Project("{FAE04EC0-301F-11D3-BF4B-00C04F79EFBC}") = "Elevregister", "Elevregister\Elevregister.csproj", "{B12D0DDF-D0D9-4AC9-B898-EA1EC4C6885B}"
EndProject
Global
	GlobalSection(SolutionConfigurationPlatforms) = preSolution
		Debug|Any CPU = Debug|Any CPU
		Release|Any CPU = Release|Any CPU
	EndGlobalSection
	GlobalSection(ProjectConfigurationPlatforms) = postSolution
		{B12D0DDF-D0D9-4AC9-B898-EA1EC4C6885B}.Debug|Any CPU.ActiveCfg = Debug|Any CPU
		{B12D0DDF-D0D9-4AC9-B898-EA1EC4C6885B}.Debug|Any CPU.Build.0 = Debug|Any CPU
		{B12D0DDF-D0D9-4AC9-B898-EA1EC4C6885B}.Release|Any CPU.ActiveCfg = Release|Any CPU
		{B12D0DDF-D0D9-4AC9-B898-EA1EC4C6885B}.Release|Any CPU.Build.0 = Release|Any CPU
	EndGlobalSection
	GlobalSection(SolutionProperties) = preSolution
		HideSolutionNode = FALSE
	EndGlobalSection
	GlobalSection(ExtensibilityGlobals) = postSolution
		SolutionGuid = {EA10CB26-8C63-46B6-BF99-70F7DDCCBDAC}
	EndGlobalSection
EndGlobal
